
Microsoft Visual Studio Solution File, Format Version 11.00
# Visual Studio 2010
Project("{FAE04EC0-301F-11D3-BF4B-00C04F79EFBC}") = "NMBP - OR", "NMBP - OR\NMBP - OR.csproj", "{497BA257-CDAD-4BE0-ACC6-56C8995A14B2}"
EndProject
Project("{FAE04EC0-301F-11D3-BF4B-00C04F79EFBC}") = "NMBP - OP (WPF)", "NMBP - OP (WPF)\NMBP - OP (WPF).csproj", "{2B266539-6A4D-49F0-B31C-2656716085FF}"
EndProject
Global
	GlobalSection(SubversionScc) = preSolution
		Svn-Managed = True
		Manager = AnkhSVN - Subversion Support for Visual Studio
	EndGlobalSection
	GlobalSection(SolutionConfigurationPlatforms) = preSolution
		Debug|x86 = Debug|x86
		Release|x86 = Release|x86
	EndGlobalSection
	GlobalSection(ProjectConfigurationPlatforms) = postSolution
		{497BA257-CDAD-4BE0-ACC6-56C8995A14B2}.Debug|x86.ActiveCfg = Debug|x86
		{497BA257-CDAD-4BE0-ACC6-56C8995A14B2}.Debug|x86.Build.0 = Debug|x86
		{497BA257-CDAD-4BE0-ACC6-56C8995A14B2}.Release|x86.ActiveCfg = Release|x86
		{497BA257-CDAD-4BE0-ACC6-56C8995A14B2}.Release|x86.Build.0 = Release|x86
		{2B266539-6A4D-49F0-B31C-2656716085FF}.Debug|x86.ActiveCfg = Debug|x86
		{2B266539-6A4D-49F0-B31C-2656716085FF}.Debug|x86.Build.0 = Debug|x86
		{2B266539-6A4D-49F0-B31C-2656716085FF}.Release|x86.ActiveCfg = Release|x86
		{2B266539-6A4D-49F0-B31C-2656716085FF}.Release|x86.Build.0 = Release|x86
	EndGlobalSection
	GlobalSection(SolutionProperties) = preSolution
		HideSolutionNode = FALSE
	EndGlobalSection
EndGlobal
